// !$*UTF8*$!
{
	archiveVersion = 1;
	classes = {
	};
	objectVersion = 46;
	objects = {

/* Begin PBXBuildFile section */
		9AC613041BFA590D00B69F56 /* EverydayWallpaper.xib in Resources */ = {isa = PBXBuildFile; fileRef = 9AC613021BFA590D00B69F56 /* EverydayWallpaper.xib */; };
		9AC6130D1BFA592800B69F56 /* EverydayWallpaper.swift in Sources */ = {isa = PBXBuildFile; fileRef = 9AC6130C1BFA592800B69F56 /* EverydayWallpaper.swift */; };
		9AC613111BFA6E4C00B69F56 /* EverydayWallpaper.png in Resources */ = {isa = PBXBuildFile; fileRef = 9AC613101BFA6E4C00B69F56 /* EverydayWallpaper.png */; };
/* End PBXBuildFile section */

/* Begin PBXFileReference section */
		9AC612F91BFA590D00B69F56 /* EverydayWallpaper.prefPane */ = {isa = PBXFileReference; explicitFileType = wrapper.cfbundle; includeInIndex = 0; path = EverydayWallpaper.prefPane; sourceTree = BUILT_PRODUCTS_DIR; };
		9AC613031BFA590D00B69F56 /* Base */ = {isa = PBXFileReference; lastKnownFileType = file.xib; name = Base; path = Base.lproj/EverydayWallpaper.xib; sourceTree = "<group>"; };
		9AC613051BFA590D00B69F56 /* Info.plist */ = {isa = PBXFileReference; lastKnownFileType = text.plist.xml; path = Info.plist; sourceTree = "<group>"; };
		9AC6130B1BFA592800B69F56 /* EverydayWallpaper-Bridging-Header.h */ = {isa = PBXFileReference; lastKnownFileType = sourcecode.c.h; path = "EverydayWallpaper-Bridging-Header.h"; sourceTree = "<group>"; };
		9AC6130C1BFA592800B69F56 /* EverydayWallpaper.swift */ = {isa = PBXFileReference; fileEncoding = 4; lastKnownFileType = sourcecode.swift; path = EverydayWallpaper.swift; sourceTree = "<group>"; };
		9AC613101BFA6E4C00B69F56 /* EverydayWallpaper.png */ = {isa = PBXFileReference; lastKnownFileType = image.png; path = EverydayWallpaper.png; sourceTree = "<group>"; };
/* End PBXFileReference section */

/* Begin PBXFrameworksBuildPhase section */
		9AC612F51BFA590D00B69F56 /* Frameworks */ = {
			isa = PBXFrameworksBuildPhase;
			buildActionMask = 2147483647;
			files = (
			);
			runOnlyForDeploymentPostprocessing = 0;
		};
/* End PBXFrameworksBuildPhase section */

/* Begin PBXGroup section */
		9AC612EF1BFA590D00B69F56 = {
			isa = PBXGroup;
			children = (
				9AC612FB1BFA590D00B69F56 /* EverydayWallpaper */,
				9AC612FA1BFA590D00B69F56 /* Products */,
			);
			sourceTree = "<group>";
			usesTabs = 0;
		};
		9AC612FA1BFA590D00B69F56 /* Products */ = {
			isa = PBXGroup;
			children = (
				9AC612F91BFA590D00B69F56 /* EverydayWallpaper.prefPane */,
			);
			name = Products;
			sourceTree = "<group>";
		};
		9AC612FB1BFA590D00B69F56 /* EverydayWallpaper */ = {
			isa = PBXGroup;
			children = (
				9AC613101BFA6E4C00B69F56 /* EverydayWallpaper.png */,
				9AC613021BFA590D00B69F56 /* EverydayWallpaper.xib */,
				9AC613051BFA590D00B69F56 /* Info.plist */,
				9AC6130C1BFA592800B69F56 /* EverydayWallpaper.swift */,
				9AC6130B1BFA592800B69F56 /* EverydayWallpaper-Bridging-Header.h */,
			);
			path = EverydayWallpaper;
			sourceTree = "<group>";
		};
/* End PBXGroup section */

/* Begin PBXHeadersBuildPhase section */
		9AC612F61BFA590D00B69F56 /* Headers */ = {
			isa = PBXHeadersBuildPhase;
			buildActionMask = 2147483647;
			files = (
			);
			runOnlyForDeploymentPostprocessing = 0;
		};
/* End PBXHeadersBuildPhase section */

/* Begin PBXNativeTarget section */
		9AC612F81BFA590D00B69F56 /* EverydayWallpaper */ = {
			isa = PBXNativeTarget;
			buildConfigurationList = 9AC613081BFA590D00B69F56 /* Build configuration list for PBXNativeTarget "EverydayWallpaper" */;
			buildPhases = (
				9AC612F41BFA590D00B69F56 /* Sources */,
				9AC612F51BFA590D00B69F56 /* Frameworks */,
				9AC612F61BFA590D00B69F56 /* Headers */,
				9AC612F71BFA590D00B69F56 /* Resources */,
			);
			buildRules = (
			);
			dependencies = (
			);
			name = EverydayWallpaper;
			productName = EverydayWallpaper;
			productReference = 9AC612F91BFA590D00B69F56 /* EverydayWallpaper.prefPane */;
			productType = "com.apple.product-type.bundle";
		};
/* End PBXNativeTarget section */

/* Begin PBXProject section */
		9AC612F01BFA590D00B69F56 /* Project object */ = {
			isa = PBXProject;
			attributes = {
				LastUpgradeCheck = 0710;
				ORGANIZATIONNAME = "Hugo PEREIRA";
				TargetAttributes = {
					9AC612F81BFA590D00B69F56 = {
						CreatedOnToolsVersion = 7.1;
					};
				};
			};
			buildConfigurationList = 9AC612F31BFA590D00B69F56 /* Build configuration list for PBXProject "EverydayWallpaper" */;
			compatibilityVersion = "Xcode 3.2";
			developmentRegion = English;
			hasScannedForEncodings = 0;
			knownRegions = (
				en,
				Base,
			);
			mainGroup = 9AC612EF1BFA590D00B69F56;
			productRefGroup = 9AC612FA1BFA590D00B69F56 /* Products */;
			projectDirPath = "";
			projectRoot = "";
			targets = (
				9AC612F81BFA590D00B69F56 /* EverydayWallpaper */,
			);
		};
/* End PBXProject section */

/* Begin PBXResourcesBuildPhase section */
		9AC612F71BFA590D00B69F56 /* Resources */ = {
			isa = PBXResourcesBuildPhase;
			buildActionMask = 2147483647;
			files = (
				9AC613111BFA6E4C00B69F56 /* EverydayWallpaper.png in Resources */,
				9AC613041BFA590D00B69F56 /* EverydayWallpaper.xib in Resources */,
			);
			runOnlyForDeploymentPostprocessing = 0;
		};
/* End PBXResourcesBuildPhase section */

/* Begin PBXSourcesBuildPhase section */
		9AC612F41BFA590D00B69F56 /* Sources */ = {
			isa = PBXSourcesBuildPhase;
			buildActionMask = 2147483647;
			files = (
				9AC6130D1BFA592800B69F56 /* EverydayWallpaper.swift in Sources */,
			);
			runOnlyForDeploymentPostprocessing = 0;
		};
/* End PBXSourcesBuildPhase section */

/* Begin PBXVariantGroup section */
		9AC613021BFA590D00B69F56 /* EverydayWallpaper.xib */ = {
			isa = PBXVariantGroup;
			children = (
				9AC613031BFA590D00B69F56 /* Base */,
			);
			name = EverydayWallpaper.xib;
			sourceTree = "<group>";
		};
/* End PBXVariantGroup section */

/* Begin XCBuildConfiguration section */
		9AC613061BFA590D00B69F56 /* Debug */ = {
			isa = XCBuildConfiguration;
			buildSettings = {
				ALWAYS_SEARCH_USER_PATHS = NO;
				CLANG_CXX_LANGUAGE_STANDARD = "gnu++0x";
				CLANG_CXX_LIBRARY = "libc++";
				CLANG_ENABLE_MODULES = YES;
				CLANG_ENABLE_OBJC_ARC = YES;
				CLANG_WARN_BOOL_CONVERSION = YES;
				CLANG_WARN_CONSTANT_CONVERSION = YES;
				CLANG_WARN_DIRECT_OBJC_ISA_USAGE = YES_ERROR;
				CLANG_WARN_EMPTY_BODY = YES;
				CLANG_WARN_ENUM_CONVERSION = YES;
				CLANG_WARN_INT_CONVERSION = YES;
				CLANG_WARN_OBJC_ROOT_CLASS = YES_ERROR;
				CLANG_WARN_UNREACHABLE_CODE = YES;
				CLANG_WARN__DUPLICATE_METHOD_MATCH = YES;
				CODE_SIGN_IDENTITY = "-";
				COPY_PHASE_STRIP = NO;
				DEBUG_INFORMATION_FORMAT = dwarf;
				ENABLE_STRICT_OBJC_MSGSEND = YES;
				ENABLE_TESTABILITY = YES;
				GCC_C_LANGUAGE_STANDARD = gnu99;
				GCC_DYNAMIC_NO_PIC = NO;
				GCC_NO_COMMON_BLOCKS = YES;
				GCC_OPTIMIZATION_LEVEL = 0;
				GCC_PREPROCESSOR_DEFINITIONS = (
					"DEBUG=1",
					"$(inherited)",
				);
				GCC_WARN_64_TO_32_BIT_CONVERSION = YES;
				GCC_WARN_ABOUT_RETURN_TYPE = YES_ERROR;
				GCC_WARN_UNDECLARED_SELECTOR = YES;
				GCC_WARN_UNINITIALIZED_AUTOS = YES_AGGRESSIVE;
				GCC_WARN_UNUSED_FUNCTION = YES;
				GCC_WARN_UNUSED_VARIABLE = YES;
				MACOSX_DEPLOYMENT_TARGET = 10.11;
				MTL_ENABLE_DEBUG_INFO = YES;
				ONLY_ACTIVE_ARCH = YES;
				SDKROOT = macosx;
			};
			name = Debug;
		};
		9AC613071BFA590D00B69F56 /* Release */ = {
			isa = XCBuildConfiguration;
			buildSettings = {
				ALWAYS_SEARCH_USER_PATHS = NO;
				CLANG_CXX_LANGUAGE_STANDARD = "gnu++0x";
				CLANG_CXX_LIBRARY = "libc++";
				CLANG_ENABLE_MODULES = YES;
				CLANG_ENABLE_OBJC_ARC = YES;
				CLANG_WARN_BOOL_CONVERSION = YES;
				CLANG_WARN_CONSTANT_CONVERSION = YES;
				CLANG_WARN_DIRECT_OBJC_ISA_USAGE = YES_ERROR;
				CLANG_WARN_EMPTY_BODY = YES;
				CLANG_WARN_ENUM_CONVERSION = YES;
				CLANG_WARN_INT_CONVERSION = YES;
				CLANG_WARN_OBJC_ROOT_CLASS = YES_ERROR;
				CLANG_WARN_UNREACHABLE_CODE = YES;
				CLANG_WARN__DUPLICATE_METHOD_MATCH = YES;
				CODE_SIGN_IDENTITY = "-";
				COPY_PHASE_STRIP = NO;
				DEBUG_INFORMATION_FORMAT = "dwarf-with-dsym";
				ENABLE_NS_ASSERTIONS = NO;
				ENABLE_STRICT_OBJC_MSGSEND = YES;
				GCC_C_LANGUAGE_STANDARD = gnu99;
				GCC_NO_COMMON_BLOCKS = YES;
				GCC_WARN_64_TO_32_BIT_CONVERSION = YES;
				GCC_WARN_ABOUT_RETURN_TYPE = YES_ERROR;
				GCC_WARN_UNDECLARED_SELECTOR = YES;
				GCC_WARN_UNINITIALIZED_AUTOS = YES_AGGRESSIVE;
				GCC_WARN_UNUSED_FUNCTION = YES;
				GCC_WARN_UNUSED_VARIABLE = YES;
				MACOSX_DEPLOYMENT_TARGET = 10.11;
				MTL_ENABLE_DEBUG_INFO = NO;
				SDKROOT = macosx;
			};
			name = Release;
		};
		9AC613091BFA590D00B69F56 /* Debug */ = {
			isa = XCBuildConfiguration;
			buildSettings = {
				CLANG_ENABLE_MODULES = YES;
				COMBINE_HIDPI_IMAGES = YES;
				EMBEDDED_CONTENT_CONTAINS_SWIFT = YES;
				INFOPLIST_FILE = EverydayWallpaper/Info.plist;
				INSTALL_PATH = "$(HOME)/Library/PreferencePanes";
				LD_RUNPATH_SEARCH_PATHS = "$(inherited) @executable_path/../Frameworks @loader_path/../Frameworks";
				PRODUCT_BUNDLE_IDENTIFIER = com.hugorper.EverydayWallpaper;
				PRODUCT_NAME = EverydayWallpaper;
				SWIFT_OBJC_BRIDGING_HEADER = "EverydayWallpaper/EverydayWallpaper-Bridging-Header.h";
				SWIFT_OPTIMIZATION_LEVEL = "-Onone";
				WRAPPER_EXTENSION = prefPane;
			};
			name = Debug;
		};
		9AC6130A1BFA590D00B69F56 /* Release */ = {
			isa = XCBuildConfiguration;
			buildSettings = {
				CLANG_ENABLE_MODULES = YES;
				COMBINE_HIDPI_IMAGES = YES;
				EMBEDDED_CONTENT_CONTAINS_SWIFT = YES;
				INFOPLIST_FILE = EverydayWallpaper/Info.plist;
				INSTALL_PATH = "$(HOME)/Library/PreferencePanes";
				LD_RUNPATH_SEARCH_PATHS = "$(inherited) @executable_path/../Frameworks @loader_path/../Frameworks";
				PRODUCT_BUNDLE_IDENTIFIER = com.hugorper.EverydayWallpaper;
				PRODUCT_NAME = EverydayWallpaper;
				SWIFT_OBJC_BRIDGING_HEADER = "EverydayWallpaper/EverydayWallpaper-Bridging-Header.h";
				WRAPPER_EXTENSION = prefPane;
			};
			name = Release;
		};
/* End XCBuildConfiguration section */

/* Begin XCConfigurationList section */
		9AC612F31BFA590D00B69F56 /* Build configuration list for PBXProject "EverydayWallpaper" */ = {
			isa = XCConfigurationList;
			buildConfigurations = (
				9AC613061BFA590D00B69F56 /* Debug */,
				9AC613071BFA590D00B69F56 /* Release */,
			);
			defaultConfigurationIsVisible = 0;
			defaultConfigurationName = Release;
		};
		9AC613081BFA590D00B69F56 /* Build configuration list for PBXNativeTarget "EverydayWallpaper" */ = {
			isa = XCConfigurationList;
			buildConfigurations = (
				9AC613091BFA590D00B69F56 /* Debug */,
				9AC6130A1BFA590D00B69F56 /* Release */,
			);
			defaultConfigurationIsVisible = 0;
			defaultConfigurationName = Release;
		};
/* End XCConfigurationList section */
	};
	rootObject = 9AC612F01BFA590D00B69F56 /* Project object */;
}
